
Microsoft Visual Studio Solution File, Format Version 12.00
# Visual Studio 15
VisualStudioVersion = 15.0.28307.136
MinimumVisualStudioVersion = 10.0.40219.1
Project("{FAE04EC0-301F-11D3-BF4B-00C04F79EFBC}") = "OcelotIdentity", "OcelotIdentity\OcelotIdentity.csproj", "{C99F97F9-1AF8-4C9F-9FA7-0DC43BC003D6}"
EndProject
Project("{FAE04EC0-301F-11D3-BF4B-00C04F79EFBC}") = "Identity", "Identity\Identity.csproj", "{864C0D54-AF09-43ED-BEF0-AA49AFA0B82F}"
EndProject
Project("{E53339B2-1760-4266-BCC7-CA923CBCF16C}") = "docker-compose", "docker-compose.dcproj", "{40C6FFC0-C409-43D4-A1CF-B9AE0348415A}"
EndProject
Project("{FAE04EC0-301F-11D3-BF4B-00C04F79EFBC}") = "HelloWorldApp", "HelloWorldApp\HelloWorldApp.csproj", "{61D46A60-8135-499E-BA6D-4D1652162B71}"
EndProject
Global
	GlobalSection(SolutionConfigurationPlatforms) = preSolution
		Debug|Any CPU = Debug|Any CPU
		Release|Any CPU = Release|Any CPU
	EndGlobalSection
	GlobalSection(ProjectConfigurationPlatforms) = postSolution
		{C99F97F9-1AF8-4C9F-9FA7-0DC43BC003D6}.Debug|Any CPU.ActiveCfg = Debug|Any CPU
		{C99F97F9-1AF8-4C9F-9FA7-0DC43BC003D6}.Debug|Any CPU.Build.0 = Debug|Any CPU
		{C99F97F9-1AF8-4C9F-9FA7-0DC43BC003D6}.Release|Any CPU.ActiveCfg = Release|Any CPU
		{C99F97F9-1AF8-4C9F-9FA7-0DC43BC003D6}.Release|Any CPU.Build.0 = Release|Any CPU
		{864C0D54-AF09-43ED-BEF0-AA49AFA0B82F}.Debug|Any CPU.ActiveCfg = Debug|Any CPU
		{864C0D54-AF09-43ED-BEF0-AA49AFA0B82F}.Debug|Any CPU.Build.0 = Debug|Any CPU
		{864C0D54-AF09-43ED-BEF0-AA49AFA0B82F}.Release|Any CPU.ActiveCfg = Release|Any CPU
		{864C0D54-AF09-43ED-BEF0-AA49AFA0B82F}.Release|Any CPU.Build.0 = Release|Any CPU
		{40C6FFC0-C409-43D4-A1CF-B9AE0348415A}.Debug|Any CPU.ActiveCfg = Debug|Any CPU
		{40C6FFC0-C409-43D4-A1CF-B9AE0348415A}.Debug|Any CPU.Build.0 = Debug|Any CPU
		{40C6FFC0-C409-43D4-A1CF-B9AE0348415A}.Release|Any CPU.ActiveCfg = Release|Any CPU
		{40C6FFC0-C409-43D4-A1CF-B9AE0348415A}.Release|Any CPU.Build.0 = Release|Any CPU
		{61D46A60-8135-499E-BA6D-4D1652162B71}.Debug|Any CPU.ActiveCfg = Debug|Any CPU
		{61D46A60-8135-499E-BA6D-4D1652162B71}.Debug|Any CPU.Build.0 = Debug|Any CPU
		{61D46A60-8135-499E-BA6D-4D1652162B71}.Release|Any CPU.ActiveCfg = Release|Any CPU
		{61D46A60-8135-499E-BA6D-4D1652162B71}.Release|Any CPU.Build.0 = Release|Any CPU
	EndGlobalSection
	GlobalSection(SolutionProperties) = preSolution
		HideSolutionNode = FALSE
	EndGlobalSection
	GlobalSection(ExtensibilityGlobals) = postSolution
		SolutionGuid = {F4740570-336E-406B-B3CE-829681F9496D}
	EndGlobalSection
EndGlobal
